# THIS IS AN AUTOGENERATED FILE. DO NOT EDIT THIS FILE DIRECTLY.
# yarn lockfile v1


cross-fetch@^3.0.5:
  version "3.0.6"
  resolved "https://registry.yarnpkg.com/cross-fetch/-/cross-fetch-3.0.6.tgz#3a4040bc8941e653e0e9cf17f29ebcd177d3365c"
  integrity sha512-KBPUbqgFjzWlVcURG+Svp9TlhA5uliYtiNx/0r8nv0pdypeQCRJ9IaSIc3q/x3q8t3F75cHuwxVql1HFGHCNJQ==
  dependencies:
    node-fetch "2.6.1"

meilisearch@^0.15.0:
  version "0.15.0"
  resolved "https://registry.yarnpkg.com/meilisearch/-/meilisearch-0.15.0.tgz#854686753a939ad683029d5bb91e1b0ea8ce50ac"
  integrity sha512-ivvBlN111Yn+/A929M5spV0KMHMsIgYl4AZz1w2QPMALX+XuTIkiHDV8BK8Wo717B4O4WWLqtGawCkEehwiL6w==
  dependencies:
    cross-fetch "^3.0.5"

node-fetch@2.6.1:
  version "2.6.1"
  resolved "https://registry.yarnpkg.com/node-fetch/-/node-fetch-2.6.1.tgz#045bd323631f76ed2e2b55573394416b639a0052"
  integrity sha512-V4aYg89jEoVRxRb2fJdAg8FHvI7cEyYdVAh94HH0UIK8oJxUfkjlDQN9RbMx+bEjP7+ggMiFRprSti032Oipxw==
